
Microsoft Visual Studio Solution File, Format Version 12.00
# Visual Studio Version 17
VisualStudioVersion = 17.0.32112.339
MinimumVisualStudioVersion = 10.0.40219.1
Project("{8BC9CEB8-8B4A-11D0-8D11-00A0C91BC942}") = "Study_Chapter01", "Study_Concept\Study_Concept.vcxproj", "{3EA7E163-5FA7-4037-A604-934750E80D6E}"
EndProject
Project("{8BC9CEB8-8B4A-11D0-8D11-00A0C91BC942}") = "Study_Concept_Project", "Study_Concept_Project\Study_Concept_Project.vcxproj", "{8BFDFC96-057F-43C6-BB35-40A94C49F360}"
EndProject
Project("{8BC9CEB8-8B4A-11D0-8D11-00A0C91BC942}") = "Study_Chapter02", "Study_Chapter02\Study_Chapter02.vcxproj", "{6FB19AA1-EB7B-407F-A700-9E9FBE750AA2}"
EndProject
Project("{8BC9CEB8-8B4A-11D0-8D11-00A0C91BC942}") = "Study_Chapter03", "Study_Chapter03\Study_Chapter03.vcxproj", "{0336821B-F660-4B3D-ACD6-30267EBB50D0}"
EndProject
Project("{8BC9CEB8-8B4A-11D0-8D11-00A0C91BC942}") = "Study_Chapter04", "Study_Chapter04\Study_Chapter04.vcxproj", "{1F886838-505F-4129-81FE-2C89D38F1BA1}"
EndProject
Project("{8BC9CEB8-8B4A-11D0-8D11-00A0C91BC942}") = "Study_Chapter05", "Study_Chapter05\Study_Chapter05.vcxproj", "{FC060DBE-FE96-4D38-B5F3-0F9609D600ED}"
EndProject
Project("{8BC9CEB8-8B4A-11D0-8D11-00A0C91BC942}") = "Study_Chapter06", "Study_Chapter06\Study_Chapter06.vcxproj", "{80E26878-F5EC-4CBC-BC2E-DC5B666A03F9}"
EndProject
Project("{8BC9CEB8-8B4A-11D0-8D11-00A0C91BC942}") = "Study_Chapter07", "Study_Chapter07\Study_Chapter07.vcxproj", "{F8AF7085-4AF2-4157-A5E1-D703629836BA}"
EndProject
Project("{8BC9CEB8-8B4A-11D0-8D11-00A0C91BC942}") = "Study_Chapter08", "Study_Chapter08\Study_Chapter08.vcxproj", "{65302F86-A75C-4888-A83C-118922F3E740}"
EndProject
Project("{8BC9CEB8-8B4A-11D0-8D11-00A0C91BC942}") = "Study_Chapter09", "Study_Chapter09\Study_Chapter09.vcxproj", "{8C8A3212-A89D-491F-820B-E217B32B2489}"
EndProject
Global
	GlobalSection(SolutionConfigurationPlatforms) = preSolution
		Debug|x64 = Debug|x64
		Debug|x86 = Debug|x86
		Release|x64 = Release|x64
		Release|x86 = Release|x86
	EndGlobalSection
	GlobalSection(ProjectConfigurationPlatforms) = postSolution
		{3EA7E163-5FA7-4037-A604-934750E80D6E}.Debug|x64.ActiveCfg = Debug|x64
		{3EA7E163-5FA7-4037-A604-934750E80D6E}.Debug|x64.Build.0 = Debug|x64
		{3EA7E163-5FA7-4037-A604-934750E80D6E}.Debug|x86.ActiveCfg = Debug|Win32
		{3EA7E163-5FA7-4037-A604-934750E80D6E}.Debug|x86.Build.0 = Debug|Win32
		{3EA7E163-5FA7-4037-A604-934750E80D6E}.Release|x64.ActiveCfg = Release|x64
		{3EA7E163-5FA7-4037-A604-934750E80D6E}.Release|x64.Build.0 = Release|x64
		{3EA7E163-5FA7-4037-A604-934750E80D6E}.Release|x86.ActiveCfg = Release|Win32
		{3EA7E163-5FA7-4037-A604-934750E80D6E}.Release|x86.Build.0 = Release|Win32
		{8BFDFC96-057F-43C6-BB35-40A94C49F360}.Debug|x64.ActiveCfg = Debug|x64
		{8BFDFC96-057F-43C6-BB35-40A94C49F360}.Debug|x64.Build.0 = Debug|x64
		{8BFDFC96-057F-43C6-BB35-40A94C49F360}.Debug|x86.ActiveCfg = Debug|Win32
		{8BFDFC96-057F-43C6-BB35-40A94C49F360}.Debug|x86.Build.0 = Debug|Win32
		{8BFDFC96-057F-43C6-BB35-40A94C49F360}.Release|x64.ActiveCfg = Release|x64
		{8BFDFC96-057F-43C6-BB35-40A94C49F360}.Release|x64.Build.0 = Release|x64
		{8BFDFC96-057F-43C6-BB35-40A94C49F360}.Release|x86.ActiveCfg = Release|Win32
		{8BFDFC96-057F-43C6-BB35-40A94C49F360}.Release|x86.Build.0 = Release|Win32
		{6FB19AA1-EB7B-407F-A700-9E9FBE750AA2}.Debug|x64.ActiveCfg = Debug|x64
		{6FB19AA1-EB7B-407F-A700-9E9FBE750AA2}.Debug|x64.Build.0 = Debug|x64
		{6FB19AA1-EB7B-407F-A700-9E9FBE750AA2}.Debug|x86.ActiveCfg = Debug|Win32
		{6FB19AA1-EB7B-407F-A700-9E9FBE750AA2}.Debug|x86.Build.0 = Debug|Win32
		{6FB19AA1-EB7B-407F-A700-9E9FBE750AA2}.Release|x64.ActiveCfg = Release|x64
		{6FB19AA1-EB7B-407F-A700-9E9FBE750AA2}.Release|x64.Build.0 = Release|x64
		{6FB19AA1-EB7B-407F-A700-9E9FBE750AA2}.Release|x86.ActiveCfg = Release|Win32
		{6FB19AA1-EB7B-407F-A700-9E9FBE750AA2}.Release|x86.Build.0 = Release|Win32
		{0336821B-F660-4B3D-ACD6-30267EBB50D0}.Debug|x64.ActiveCfg = Debug|x64
		{0336821B-F660-4B3D-ACD6-30267EBB50D0}.Debug|x64.Build.0 = Debug|x64
		{0336821B-F660-4B3D-ACD6-30267EBB50D0}.Debug|x86.ActiveCfg = Debug|Win32
		{0336821B-F660-4B3D-ACD6-30267EBB50D0}.Debug|x86.Build.0 = Debug|Win32
		{0336821B-F660-4B3D-ACD6-30267EBB50D0}.Release|x64.ActiveCfg = Release|x64
		{0336821B-F660-4B3D-ACD6-30267EBB50D0}.Release|x64.Build.0 = Release|x64
		{0336821B-F660-4B3D-ACD6-30267EBB50D0}.Release|x86.ActiveCfg = Release|Win32
		{0336821B-F660-4B3D-ACD6-30267EBB50D0}.Release|x86.Build.0 = Release|Win32
		{1F886838-505F-4129-81FE-2C89D38F1BA1}.Debug|x64.ActiveCfg = Debug|x64
		{1F886838-505F-4129-81FE-2C89D38F1BA1}.Debug|x64.Build.0 = Debug|x64
		{1F886838-505F-4129-81FE-2C89D38F1BA1}.Debug|x86.ActiveCfg = Debug|Win32
		{1F886838-505F-4129-81FE-2C89D38F1BA1}.Debug|x86.Build.0 = Debug|Win32
		{1F886838-505F-4129-81FE-2C89D38F1BA1}.Release|x64.ActiveCfg = Release|x64
		{1F886838-505F-4129-81FE-2C89D38F1BA1}.Release|x64.Build.0 = Release|x64
		{1F886838-505F-4129-81FE-2C89D38F1BA1}.Release|x86.ActiveCfg = Release|Win32
		{1F886838-505F-4129-81FE-2C89D38F1BA1}.Release|x86.Build.0 = Release|Win32
		{FC060DBE-FE96-4D38-B5F3-0F9609D600ED}.Debug|x64.ActiveCfg = Debug|x64
		{FC060DBE-FE96-4D38-B5F3-0F9609D600ED}.Debug|x64.Build.0 = Debug|x64
		{FC060DBE-FE96-4D38-B5F3-0F9609D600ED}.Debug|x86.ActiveCfg = Debug|Win32
		{FC060DBE-FE96-4D38-B5F3-0F9609D600ED}.Debug|x86.Build.0 = Debug|Win32
		{FC060DBE-FE96-4D38-B5F3-0F9609D600ED}.Release|x64.ActiveCfg = Release|x64
		{FC060DBE-FE96-4D38-B5F3-0F9609D600ED}.Release|x64.Build.0 = Release|x64
		{FC060DBE-FE96-4D38-B5F3-0F9609D600ED}.Release|x86.ActiveCfg = Release|Win32
		{FC060DBE-FE96-4D38-B5F3-0F9609D600ED}.Release|x86.Build.0 = Release|Win32
		{80E26878-F5EC-4CBC-BC2E-DC5B666A03F9}.Debug|x64.ActiveCfg = Debug|x64
		{80E26878-F5EC-4CBC-BC2E-DC5B666A03F9}.Debug|x64.Build.0 = Debug|x64
		{80E26878-F5EC-4CBC-BC2E-DC5B666A03F9}.Debug|x86.ActiveCfg = Debug|Win32
		{80E26878-F5EC-4CBC-BC2E-DC5B666A03F9}.Debug|x86.Build.0 = Debug|Win32
		{80E26878-F5EC-4CBC-BC2E-DC5B666A03F9}.Release|x64.ActiveCfg = Release|x64
		{80E26878-F5EC-4CBC-BC2E-DC5B666A03F9}.Release|x64.Build.0 = Release|x64
		{80E26878-F5EC-4CBC-BC2E-DC5B666A03F9}.Release|x86.ActiveCfg = Release|Win32
		{80E26878-F5EC-4CBC-BC2E-DC5B666A03F9}.Release|x86.Build.0 = Release|Win32
		{F8AF7085-4AF2-4157-A5E1-D703629836BA}.Debug|x64.ActiveCfg = Debug|x64
		{F8AF7085-4AF2-4157-A5E1-D703629836BA}.Debug|x64.Build.0 = Debug|x64
		{F8AF7085-4AF2-4157-A5E1-D703629836BA}.Debug|x86.ActiveCfg = Debug|Win32
		{F8AF7085-4AF2-4157-A5E1-D703629836BA}.Debug|x86.Build.0 = Debug|Win32
		{F8AF7085-4AF2-4157-A5E1-D703629836BA}.Release|x64.ActiveCfg = Release|x64
		{F8AF7085-4AF2-4157-A5E1-D703629836BA}.Release|x64.Build.0 = Release|x64
		{F8AF7085-4AF2-4157-A5E1-D703629836BA}.Release|x86.ActiveCfg = Release|Win32
		{F8AF7085-4AF2-4157-A5E1-D703629836BA}.Release|x86.Build.0 = Release|Win32
		{65302F86-A75C-4888-A83C-118922F3E740}.Debug|x64.ActiveCfg = Debug|x64
		{65302F86-A75C-4888-A83C-118922F3E740}.Debug|x64.Build.0 = Debug|x64
		{65302F86-A75C-4888-A83C-118922F3E740}.Debug|x86.ActiveCfg = Debug|Win32
		{65302F86-A75C-4888-A83C-118922F3E740}.Debug|x86.Build.0 = Debug|Win32
		{65302F86-A75C-4888-A83C-118922F3E740}.Release|x64.ActiveCfg = Release|x64
		{65302F86-A75C-4888-A83C-118922F3E740}.Release|x64.Build.0 = Release|x64
		{65302F86-A75C-4888-A83C-118922F3E740}.Release|x86.ActiveCfg = Release|Win32
		{65302F86-A75C-4888-A83C-118922F3E740}.Release|x86.Build.0 = Release|Win32
		{8C8A3212-A89D-491F-820B-E217B32B2489}.Debug|x64.ActiveCfg = Debug|x64
		{8C8A3212-A89D-491F-820B-E217B32B2489}.Debug|x64.Build.0 = Debug|x64
		{8C8A3212-A89D-491F-820B-E217B32B2489}.Debug|x86.ActiveCfg = Debug|Win32
		{8C8A3212-A89D-491F-820B-E217B32B2489}.Debug|x86.Build.0 = Debug|Win32
		{8C8A3212-A89D-491F-820B-E217B32B2489}.Release|x64.ActiveCfg = Release|x64
		{8C8A3212-A89D-491F-820B-E217B32B2489}.Release|x64.Build.0 = Release|x64
		{8C8A3212-A89D-491F-820B-E217B32B2489}.Release|x86.ActiveCfg = Release|Win32
		{8C8A3212-A89D-491F-820B-E217B32B2489}.Release|x86.Build.0 = Release|Win32
	EndGlobalSection
	GlobalSection(SolutionProperties) = preSolution
		HideSolutionNode = FALSE
	EndGlobalSection
	GlobalSection(ExtensibilityGlobals) = postSolution
		SolutionGuid = {09A41484-AB45-4C2D-AE76-D920A190CC60}
	EndGlobalSection
EndGlobal
